
Microsoft Visual Studio Solution File, Format Version 12.00
# Visual Studio Version 17
VisualStudioVersion = 17.2.32616.157
MinimumVisualStudioVersion = 10.0.40219.1
Project("{FAE04EC0-301F-11D3-BF4B-00C04F79EFBC}") = "rajupalem bookstore", "rajupalem bookstore.csproj", "{28B22630-8992-4AF8-A10C-322ADFD8E8A8}"
EndProject
Global
	GlobalSection(SolutionConfigurationPlatforms) = preSolution
		Debug|Any CPU = Debug|Any CPU
		Release|Any CPU = Release|Any CPU
	EndGlobalSection
	GlobalSection(ProjectConfigurationPlatforms) = postSolution
		{28B22630-8992-4AF8-A10C-322ADFD8E8A8}.Debug|Any CPU.ActiveCfg = Debug|Any CPU
		{28B22630-8992-4AF8-A10C-322ADFD8E8A8}.Debug|Any CPU.Build.0 = Debug|Any CPU
		{28B22630-8992-4AF8-A10C-322ADFD8E8A8}.Release|Any CPU.ActiveCfg = Release|Any CPU
		{28B22630-8992-4AF8-A10C-322ADFD8E8A8}.Release|Any CPU.Build.0 = Release|Any CPU
	EndGlobalSection
	GlobalSection(SolutionProperties) = preSolution
		HideSolutionNode = FALSE
	EndGlobalSection
	GlobalSection(ExtensibilityGlobals) = postSolution
		SolutionGuid = {A92FB8D4-D372-472F-80DA-282685684B61}
	EndGlobalSection
EndGlobal
